Microsoft Visual Studio Solution File, Format Version 11.00
# Visual Studio 2008

Project("{1E764A09-7109-115F-C879-589E2C8991BF}") = "iPhone-Match4.0", "Assembly-CSharp-Editor-vs.csproj", "{661966CF-1663-529E-91CB-37D6F51706DC}"
EndProject
Global
	GlobalSection(SolutionConfigurationPlatforms) = preSolution
		Debug|Any CPU = Debug|Any CPU
		Release|Any CPU = Release|Any CPU
	EndGlobalSection
	GlobalSection(ProjectConfigurationPlatforms) = postSolution
		{661966CF-1663-529E-91CB-37D6F51706DC}.Debug|Any CPU.ActiveCfg = Debug|Any CPU
		{661966CF-1663-529E-91CB-37D6F51706DC}.Debug|Any CPU.Build.0 = Debug|Any CPU
		{661966CF-1663-529E-91CB-37D6F51706DC}.Release|Any CPU.ActiveCfg = Release|Any CPU
		{661966CF-1663-529E-91CB-37D6F51706DC}.Release|Any CPU.Build.0 = Release|Any CPU
	EndGlobalSection
	GlobalSection(SolutionProperties) = preSolution
		HideSolutionNode = FALSE
	EndGlobalSection
				GlobalSection(MonoDevelopProperties) = preSolution
		StartupItem = Assembly-CSharp.csproj
		Policies = $0
		$0.TextStylePolicy = $1
		$1.inheritsSet = null
		$1.scope = text/x-csharp
		$0.CSharpFormattingPolicy = $2
		$2.inheritsSet = Mono
		$2.inheritsScope = text/x-csharp
		$2.scope = text/x-csharp
		$0.TextStylePolicy = $3
		$3.FileWidth = 120
		$3.TabWidth = 4
		$3.EolMarker = Unix
		$3.inheritsSet = Mono
		$3.inheritsScope = text/plain
		$3.scope = text/plain
	EndGlobalSection

EndGlobal
